
Microsoft Visual Studio Solution File, Format Version 12.00
# Visual Studio 15
VisualStudioVersion = 15.0.33026.149
MinimumVisualStudioVersion = 10.0.40219.1
Project("{FAE04EC0-301F-11D3-BF4B-00C04F79EFBC}") = "InstaFashionShopping", "InstaFashionShopping\InstaFashionShopping.csproj", "{96D4DF88-8E98-41CE-B601-53DF0FCC20FF}"
EndProject
Global
	GlobalSection(SolutionConfigurationPlatforms) = preSolution
		Debug|Any CPU = Debug|Any CPU
		Release|Any CPU = Release|Any CPU
	EndGlobalSection
	GlobalSection(ProjectConfigurationPlatforms) = postSolution
		{96D4DF88-8E98-41CE-B601-53DF0FCC20FF}.Debug|Any CPU.ActiveCfg = Debug|Any CPU
		{96D4DF88-8E98-41CE-B601-53DF0FCC20FF}.Debug|Any CPU.Build.0 = Debug|Any CPU
		{96D4DF88-8E98-41CE-B601-53DF0FCC20FF}.Release|Any CPU.ActiveCfg = Release|Any CPU
		{96D4DF88-8E98-41CE-B601-53DF0FCC20FF}.Release|Any CPU.Build.0 = Release|Any CPU
	EndGlobalSection
	GlobalSection(SolutionProperties) = preSolution
		HideSolutionNode = FALSE
	EndGlobalSection
	GlobalSection(ExtensibilityGlobals) = postSolution
		SolutionGuid = {34D864DB-FCD5-417F-9333-17CB04B06711}
	EndGlobalSection
EndGlobal
